
Microsoft Visual Studio Solution File, Format Version 12.00
# Visual Studio Version 17
VisualStudioVersion = 17.8.34330.188
MinimumVisualStudioVersion = 10.0.40219.1
Project("{9A19103F-16F7-4668-BE54-9A1E7A4F7556}") = "BingX.Examples.Api", "BingX.Examples.Api\BingX.Examples.Api.csproj", "{ECA139DF-CA98-4E98-89DA-C594FEBC0865}"
EndProject
Project("{9A19103F-16F7-4668-BE54-9A1E7A4F7556}") = "BingX.Examples.Console", "BingX.Examples.Console\BingX.Examples.Console.csproj", "{FD4F95C8-D9B7-4F81-9245-4CE667DFD421}"
EndProject
Project("{9A19103F-16F7-4668-BE54-9A1E7A4F7556}") = "BingX.Net", "..\BingX.Net\BingX.Net.csproj", "{90651429-48DD-454F-BEAA-14058E43877A}"
EndProject
Project("{9A19103F-16F7-4668-BE54-9A1E7A4F7556}") = "BingX.Examples.OrderBook", "BingX.Examples.OrderBook\BingX.Examples.OrderBook.csproj", "{33D58C29-15EB-48E2-A6E9-FC9FD84B43E8}"
EndProject
Project("{9A19103F-16F7-4668-BE54-9A1E7A4F7556}") = "BingX.Examples.Tracker", "BingX.Examples.Tracker\BingX.Examples.Tracker.csproj", "{0051E490-FA97-4B88-BB14-30AAF17DAAA1}"
EndProject
Global
	GlobalSection(SolutionConfigurationPlatforms) = preSolution
		Debug|Any CPU = Debug|Any CPU
		Release|Any CPU = Release|Any CPU
	EndGlobalSection
	GlobalSection(ProjectConfigurationPlatforms) = postSolution
		{ECA139DF-CA98-4E98-89DA-C594FEBC0865}.Debug|Any CPU.ActiveCfg = Debug|Any CPU
		{ECA139DF-CA98-4E98-89DA-C594FEBC0865}.Debug|Any CPU.Build.0 = Debug|Any CPU
		{ECA139DF-CA98-4E98-89DA-C594FEBC0865}.Release|Any CPU.ActiveCfg = Release|Any CPU
		{ECA139DF-CA98-4E98-89DA-C594FEBC0865}.Release|Any CPU.Build.0 = Release|Any CPU
		{FD4F95C8-D9B7-4F81-9245-4CE667DFD421}.Debug|Any CPU.ActiveCfg = Debug|Any CPU
		{FD4F95C8-D9B7-4F81-9245-4CE667DFD421}.Debug|Any CPU.Build.0 = Debug|Any CPU
		{FD4F95C8-D9B7-4F81-9245-4CE667DFD421}.Release|Any CPU.ActiveCfg = Release|Any CPU
		{FD4F95C8-D9B7-4F81-9245-4CE667DFD421}.Release|Any CPU.Build.0 = Release|Any CPU
		{90651429-48DD-454F-BEAA-14058E43877A}.Debug|Any CPU.ActiveCfg = Debug|Any CPU
		{90651429-48DD-454F-BEAA-14058E43877A}.Debug|Any CPU.Build.0 = Debug|Any CPU
		{90651429-48DD-454F-BEAA-14058E43877A}.Release|Any CPU.ActiveCfg = Release|Any CPU
		{90651429-48DD-454F-BEAA-14058E43877A}.Release|Any CPU.Build.0 = Release|Any CPU
		{33D58C29-15EB-48E2-A6E9-FC9FD84B43E8}.Debug|Any CPU.ActiveCfg = Debug|Any CPU
		{33D58C29-15EB-48E2-A6E9-FC9FD84B43E8}.Debug|Any CPU.Build.0 = Debug|Any CPU
		{33D58C29-15EB-48E2-A6E9-FC9FD84B43E8}.Release|Any CPU.ActiveCfg = Release|Any CPU
		{33D58C29-15EB-48E2-A6E9-FC9FD84B43E8}.Release|Any CPU.Build.0 = Release|Any CPU
		{0051E490-FA97-4B88-BB14-30AAF17DAAA1}.Debug|Any CPU.ActiveCfg = Debug|Any CPU
		{0051E490-FA97-4B88-BB14-30AAF17DAAA1}.Debug|Any CPU.Build.0 = Debug|Any CPU
		{0051E490-FA97-4B88-BB14-30AAF17DAAA1}.Release|Any CPU.ActiveCfg = Release|Any CPU
		{0051E490-FA97-4B88-BB14-30AAF17DAAA1}.Release|Any CPU.Build.0 = Release|Any CPU
	EndGlobalSection
	GlobalSection(SolutionProperties) = preSolution
		HideSolutionNode = FALSE
	EndGlobalSection
	GlobalSection(ExtensibilityGlobals) = postSolution
		SolutionGuid = {84A4E6CE-9D3A-43FF-97B1-D91CE93B7E8F}
	EndGlobalSection
EndGlobal
